
Microsoft Visual Studio Solution File, Format Version 12.00
# Visual Studio Version 17
VisualStudioVersion = 17.11.35327.3
MinimumVisualStudioVersion = 10.0.40219.1
Project("{9A19103F-16F7-4668-BE54-9A1E7A4F7556}") = "CRUDExample", "CRUDExample\CRUDExample.csproj", "{E16E2D6F-8C2C-4A46-8C2C-14A343468825}"
EndProject
Project("{9A19103F-16F7-4668-BE54-9A1E7A4F7556}") = "CRUDTests", "CRUDTests\CRUDTests.csproj", "{B302888B-FC3C-4D61-971F-EA3546175A6F}"
EndProject
Project("{9A19103F-16F7-4668-BE54-9A1E7A4F7556}") = "Entities", "Entities\Entities.csproj", "{E2BF19B1-FA19-49B0-9FE8-EFD872E8B38C}"
EndProject
Project("{9A19103F-16F7-4668-BE54-9A1E7A4F7556}") = "ServiceContracts", "ServciceContracts\ServiceContracts.csproj", "{1DF65E09-EC04-4D9C-ACD7-5A74400FB25D}"
EndProject
Project("{9A19103F-16F7-4668-BE54-9A1E7A4F7556}") = "Services", "Services\Services.csproj", "{5C68B802-1B38-496C-8E45-61B51DA1D55A}"
EndProject
Global
	GlobalSection(SolutionConfigurationPlatforms) = preSolution
		Debug|Any CPU = Debug|Any CPU
		Release|Any CPU = Release|Any CPU
	EndGlobalSection
	GlobalSection(ProjectConfigurationPlatforms) = postSolution
		{E16E2D6F-8C2C-4A46-8C2C-14A343468825}.Debug|Any CPU.ActiveCfg = Debug|Any CPU
		{E16E2D6F-8C2C-4A46-8C2C-14A343468825}.Debug|Any CPU.Build.0 = Debug|Any CPU
		{E16E2D6F-8C2C-4A46-8C2C-14A343468825}.Release|Any CPU.ActiveCfg = Release|Any CPU
		{E16E2D6F-8C2C-4A46-8C2C-14A343468825}.Release|Any CPU.Build.0 = Release|Any CPU
		{B302888B-FC3C-4D61-971F-EA3546175A6F}.Debug|Any CPU.ActiveCfg = Debug|Any CPU
		{B302888B-FC3C-4D61-971F-EA3546175A6F}.Debug|Any CPU.Build.0 = Debug|Any CPU
		{B302888B-FC3C-4D61-971F-EA3546175A6F}.Release|Any CPU.ActiveCfg = Release|Any CPU
		{B302888B-FC3C-4D61-971F-EA3546175A6F}.Release|Any CPU.Build.0 = Release|Any CPU
		{E2BF19B1-FA19-49B0-9FE8-EFD872E8B38C}.Debug|Any CPU.ActiveCfg = Debug|Any CPU
		{E2BF19B1-FA19-49B0-9FE8-EFD872E8B38C}.Debug|Any CPU.Build.0 = Debug|Any CPU
		{E2BF19B1-FA19-49B0-9FE8-EFD872E8B38C}.Release|Any CPU.ActiveCfg = Release|Any CPU
		{E2BF19B1-FA19-49B0-9FE8-EFD872E8B38C}.Release|Any CPU.Build.0 = Release|Any CPU
		{1DF65E09-EC04-4D9C-ACD7-5A74400FB25D}.Debug|Any CPU.ActiveCfg = Debug|Any CPU
		{1DF65E09-EC04-4D9C-ACD7-5A74400FB25D}.Debug|Any CPU.Build.0 = Debug|Any CPU
		{1DF65E09-EC04-4D9C-ACD7-5A74400FB25D}.Release|Any CPU.ActiveCfg = Release|Any CPU
		{1DF65E09-EC04-4D9C-ACD7-5A74400FB25D}.Release|Any CPU.Build.0 = Release|Any CPU
		{5C68B802-1B38-496C-8E45-61B51DA1D55A}.Debug|Any CPU.ActiveCfg = Debug|Any CPU
		{5C68B802-1B38-496C-8E45-61B51DA1D55A}.Debug|Any CPU.Build.0 = Debug|Any CPU
		{5C68B802-1B38-496C-8E45-61B51DA1D55A}.Release|Any CPU.ActiveCfg = Release|Any CPU
		{5C68B802-1B38-496C-8E45-61B51DA1D55A}.Release|Any CPU.Build.0 = Release|Any CPU
	EndGlobalSection
	GlobalSection(SolutionProperties) = preSolution
		HideSolutionNode = FALSE
	EndGlobalSection
	GlobalSection(ExtensibilityGlobals) = postSolution
		SolutionGuid = {18C31D33-AC13-46D4-AD28-BB810A497556}
	EndGlobalSection
EndGlobal
